
Microsoft Visual Studio Solution File, Format Version 12.00
# Visual Studio 15
VisualStudioVersion = 15.0.28010.2026
MinimumVisualStudioVersion = 10.0.40219.1
Project("{8BC9CEB8-8B4A-11D0-8D11-00A0C91BC942}") = "firstEasy2d.cpp", "firstEasy2d.cpp\firstEasy2d.cpp.vcxproj", "{985CB259-CEEF-456A-9EC2-815D457AD800}"
EndProject
Global
	GlobalSection(SolutionConfigurationPlatforms) = preSolution
		Debug|x64 = Debug|x64
		Debug|x86 = Debug|x86
		Release|x64 = Release|x64
		Release|x86 = Release|x86
	EndGlobalSection
	GlobalSection(ProjectConfigurationPlatforms) = postSolution
		{985CB259-CEEF-456A-9EC2-815D457AD800}.Debug|x64.ActiveCfg = Debug|x64
		{985CB259-CEEF-456A-9EC2-815D457AD800}.Debug|x64.Build.0 = Debug|x64
		{985CB259-CEEF-456A-9EC2-815D457AD800}.Debug|x86.ActiveCfg = Debug|Win32
		{985CB259-CEEF-456A-9EC2-815D457AD800}.Debug|x86.Build.0 = Debug|Win32
		{985CB259-CEEF-456A-9EC2-815D457AD800}.Release|x64.ActiveCfg = Release|x64
		{985CB259-CEEF-456A-9EC2-815D457AD800}.Release|x64.Build.0 = Release|x64
		{985CB259-CEEF-456A-9EC2-815D457AD800}.Release|x86.ActiveCfg = Release|Win32
		{985CB259-CEEF-456A-9EC2-815D457AD800}.Release|x86.Build.0 = Release|Win32
	EndGlobalSection
	GlobalSection(SolutionProperties) = preSolution
		HideSolutionNode = FALSE
	EndGlobalSection
	GlobalSection(ExtensibilityGlobals) = postSolution
		SolutionGuid = {CC45F1D6-AC1D-4825-A324-8DF027151EB1}
	EndGlobalSection
EndGlobal
